
Microsoft Visual Studio Solution File, Format Version 12.00
# Visual Studio Version 17
VisualStudioVersion = 17.5.33516.290
MinimumVisualStudioVersion = 10.0.40219.1
Project("{9A19103F-16F7-4668-BE54-9A1E7A4F7556}") = "DesafioProjetoHospedagem", "DesafioProjetoHospedagem.csproj", "{38446224-1550-4E68-8FC8-8403421808BC}"
EndProject
Global
	GlobalSection(SolutionConfigurationPlatforms) = preSolution
		Debug|Any CPU = Debug|Any CPU
		Release|Any CPU = Release|Any CPU
	EndGlobalSection
	GlobalSection(ProjectConfigurationPlatforms) = postSolution
		{38446224-1550-4E68-8FC8-8403421808BC}.Debug|Any CPU.ActiveCfg = Debug|Any CPU
		{38446224-1550-4E68-8FC8-8403421808BC}.Debug|Any CPU.Build.0 = Debug|Any CPU
		{38446224-1550-4E68-8FC8-8403421808BC}.Release|Any CPU.ActiveCfg = Release|Any CPU
		{38446224-1550-4E68-8FC8-8403421808BC}.Release|Any CPU.Build.0 = Release|Any CPU
	EndGlobalSection
	GlobalSection(SolutionProperties) = preSolution
		HideSolutionNode = FALSE
	EndGlobalSection
	GlobalSection(ExtensibilityGlobals) = postSolution
		SolutionGuid = {2C687A32-0922-4B2A-842B-1B6437E9F40A}
	EndGlobalSection
EndGlobal
